
Microsoft Visual Studio Solution File, Format Version 12.00
# Visual Studio Version 17
VisualStudioVersion = 17.9.34728.123
MinimumVisualStudioVersion = 10.0.40219.1
Project("{9A19103F-16F7-4668-BE54-9A1E7A4F7556}") = "Application", "Application\Application.csproj", "{E7E1A7F7-66B8-40C3-B30A-3633C4396AC5}"
EndProject
Project("{2150E333-8FDC-42A3-9474-1A3956D46DE8}") = "Solution Items", "Solution Items", "{45B7352B-5B47-455A-9E0B-41DF59198B01}"
	ProjectSection(SolutionItems) = preProject
		Task description.pdf = Task description.pdf
		Solution.txt = Solution.txt
		logcomponent-chat-session.md = logcomponent-chat-session.md
		Log20260615 121819 565.log = Log20260615 121819 565.log
		Log20260615 121820 504.log = Log20260615 121820 504.log
	EndProjectSection
EndProject
Project("{9A19103F-16F7-4668-BE54-9A1E7A4F7556}") = "LogComponent", "LogComponent\LogComponent.csproj", "{DB3CCCC4-1BD9-4086-BEB5-EE0D3BF62D11}"
EndProject
Project("{FAE04EC0-301F-11D3-BF4B-00C04F79EFBC}") = "LogComponent.Tests", "LogComponent.Tests\LogComponent.Tests.csproj", "{C733EB4E-3E5D-4ECF-A9A1-46F1066A0C5C}"
EndProject
Global
	GlobalSection(SolutionConfigurationPlatforms) = preSolution
		Debug|Any CPU = Debug|Any CPU
		Debug|x64 = Debug|x64
		Debug|x86 = Debug|x86
		Release|Any CPU = Release|Any CPU
		Release|x64 = Release|x64
		Release|x86 = Release|x86
	EndGlobalSection
	GlobalSection(ProjectConfigurationPlatforms) = postSolution
		{E7E1A7F7-66B8-40C3-B30A-3633C4396AC5}.Debug|Any CPU.ActiveCfg = Debug|Any CPU
		{E7E1A7F7-66B8-40C3-B30A-3633C4396AC5}.Debug|Any CPU.Build.0 = Debug|Any CPU
		{E7E1A7F7-66B8-40C3-B30A-3633C4396AC5}.Debug|x64.ActiveCfg = Debug|Any CPU
		{E7E1A7F7-66B8-40C3-B30A-3633C4396AC5}.Debug|x64.Build.0 = Debug|Any CPU
		{E7E1A7F7-66B8-40C3-B30A-3633C4396AC5}.Debug|x86.ActiveCfg = Debug|Any CPU
		{E7E1A7F7-66B8-40C3-B30A-3633C4396AC5}.Debug|x86.Build.0 = Debug|Any CPU
		{E7E1A7F7-66B8-40C3-B30A-3633C4396AC5}.Release|Any CPU.ActiveCfg = Release|Any CPU
		{E7E1A7F7-66B8-40C3-B30A-3633C4396AC5}.Release|Any CPU.Build.0 = Release|Any CPU
		{E7E1A7F7-66B8-40C3-B30A-3633C4396AC5}.Release|x64.ActiveCfg = Release|Any CPU
		{E7E1A7F7-66B8-40C3-B30A-3633C4396AC5}.Release|x64.Build.0 = Release|Any CPU
		{E7E1A7F7-66B8-40C3-B30A-3633C4396AC5}.Release|x86.ActiveCfg = Release|Any CPU
		{E7E1A7F7-66B8-40C3-B30A-3633C4396AC5}.Release|x86.Build.0 = Release|Any CPU
		{DB3CCCC4-1BD9-4086-BEB5-EE0D3BF62D11}.Debug|Any CPU.ActiveCfg = Debug|Any CPU
		{DB3CCCC4-1BD9-4086-BEB5-EE0D3BF62D11}.Debug|Any CPU.Build.0 = Debug|Any CPU
		{DB3CCCC4-1BD9-4086-BEB5-EE0D3BF62D11}.Debug|x64.ActiveCfg = Debug|Any CPU
		{DB3CCCC4-1BD9-4086-BEB5-EE0D3BF62D11}.Debug|x64.Build.0 = Debug|Any CPU
		{DB3CCCC4-1BD9-4086-BEB5-EE0D3BF62D11}.Debug|x86.ActiveCfg = Debug|Any CPU
		{DB3CCCC4-1BD9-4086-BEB5-EE0D3BF62D11}.Debug|x86.Build.0 = Debug|Any CPU
		{DB3CCCC4-1BD9-4086-BEB5-EE0D3BF62D11}.Release|Any CPU.ActiveCfg = Release|Any CPU
		{DB3CCCC4-1BD9-4086-BEB5-EE0D3BF62D11}.Release|Any CPU.Build.0 = Release|Any CPU
		{DB3CCCC4-1BD9-4086-BEB5-EE0D3BF62D11}.Release|x64.ActiveCfg = Release|Any CPU
		{DB3CCCC4-1BD9-4086-BEB5-EE0D3BF62D11}.Release|x64.Build.0 = Release|Any CPU
		{DB3CCCC4-1BD9-4086-BEB5-EE0D3BF62D11}.Release|x86.ActiveCfg = Release|Any CPU
		{DB3CCCC4-1BD9-4086-BEB5-EE0D3BF62D11}.Release|x86.Build.0 = Release|Any CPU
		{C733EB4E-3E5D-4ECF-A9A1-46F1066A0C5C}.Debug|Any CPU.ActiveCfg = Debug|Any CPU
		{C733EB4E-3E5D-4ECF-A9A1-46F1066A0C5C}.Debug|Any CPU.Build.0 = Debug|Any CPU
		{C733EB4E-3E5D-4ECF-A9A1-46F1066A0C5C}.Debug|x64.ActiveCfg = Debug|Any CPU
		{C733EB4E-3E5D-4ECF-A9A1-46F1066A0C5C}.Debug|x64.Build.0 = Debug|Any CPU
		{C733EB4E-3E5D-4ECF-A9A1-46F1066A0C5C}.Debug|x86.ActiveCfg = Debug|Any CPU
		{C733EB4E-3E5D-4ECF-A9A1-46F1066A0C5C}.Debug|x86.Build.0 = Debug|Any CPU
		{C733EB4E-3E5D-4ECF-A9A1-46F1066A0C5C}.Release|Any CPU.ActiveCfg = Release|Any CPU
		{C733EB4E-3E5D-4ECF-A9A1-46F1066A0C5C}.Release|Any CPU.Build.0 = Release|Any CPU
		{C733EB4E-3E5D-4ECF-A9A1-46F1066A0C5C}.Release|x64.ActiveCfg = Release|Any CPU
		{C733EB4E-3E5D-4ECF-A9A1-46F1066A0C5C}.Release|x64.Build.0 = Release|Any CPU
		{C733EB4E-3E5D-4ECF-A9A1-46F1066A0C5C}.Release|x86.ActiveCfg = Release|Any CPU
		{C733EB4E-3E5D-4ECF-A9A1-46F1066A0C5C}.Release|x86.Build.0 = Release|Any CPU
	EndGlobalSection
	GlobalSection(SolutionProperties) = preSolution
		HideSolutionNode = FALSE
	EndGlobalSection
	GlobalSection(ExtensibilityGlobals) = postSolution
		SolutionGuid = {7F0C8F00-599E-4B67-AE3B-74D45F130F08}
	EndGlobalSection
EndGlobal
